
Microsoft Visual Studio Solution File, Format Version 12.00
# Visual Studio Version 16
VisualStudioVersion = 16.0.31605.320
MinimumVisualStudioVersion = 10.0.40219.1
Project("{FAE04EC0-301F-11D3-BF4B-00C04F79EFBC}") = "CKK.Logic", "CKK.Logic\CKK.Logic.csproj", "{C61980D7-C897-40D5-BAAA-5CC4C86C8A2E}"
EndProject
Global
	GlobalSection(SolutionConfigurationPlatforms) = preSolution
		Debug|Any CPU = Debug|Any CPU
		Release|Any CPU = Release|Any CPU
	EndGlobalSection
	GlobalSection(ProjectConfigurationPlatforms) = postSolution
		{C61980D7-C897-40D5-BAAA-5CC4C86C8A2E}.Debug|Any CPU.ActiveCfg = Debug|Any CPU
		{C61980D7-C897-40D5-BAAA-5CC4C86C8A2E}.Debug|Any CPU.Build.0 = Debug|Any CPU
		{C61980D7-C897-40D5-BAAA-5CC4C86C8A2E}.Release|Any CPU.ActiveCfg = Release|Any CPU
		{C61980D7-C897-40D5-BAAA-5CC4C86C8A2E}.Release|Any CPU.Build.0 = Release|Any CPU
	EndGlobalSection
	GlobalSection(SolutionProperties) = preSolution
		HideSolutionNode = FALSE
	EndGlobalSection
	GlobalSection(ExtensibilityGlobals) = postSolution
		SolutionGuid = {F6F7CE1F-72A9-4168-85B6-B20AFF49F936}
	EndGlobalSection
EndGlobal
